<?xml version="1.0" encoding="utf-8"?>
<Project ToolsVersion="4.0" xmlns="http://schemas.microsoft.com/developer/msbuild/2003">
  <ItemGroup>
    <Filter Include="Source Files">
      <UniqueIdentifier>{4FC737F1-C7A5-4376-A066-2A32D752A2FF}</UniqueIdentifier>
      <Extensions>cpp;c;cc;cxx;c++;cppm;ixx;def;odl;idl;hpj;bat;asm;asmx</Extensions>
    </Filter>
    <Filter Include="Header Files">
      <UniqueIdentifier>{93995380-89BD-4b04-88EB-625FBE52EBFB}</UniqueIdentifier>
      <Extensions>h;hh;hpp;hxx;h++;hm;inl;inc;ipp;xsd</Extensions>
    </Filter>
    <Filter Include="Resource Files">
      <UniqueIdentifier>{67DA6AB6-F800-4c08-8B7A-83BB121AAD01}</UniqueIdentifier>
      <Extensions>rc;ico;cur;bmp;dlg;rc2;rct;bin;rgs;gif;jpg;jpeg;jpe;resx;tiff;tif;png;wav;mfcribbon-ms</Extensions>
    </Filter>
    <Filter Include="Source Files\sqlite3">
      <UniqueIdentifier>{36851596-cfe8-4d4d-91ab-5900ed422c74}</UniqueIdentifier>
    </Filter>
    <Filter Include="Source Files\DBclass">
      <UniqueIdentifier>{ea285d23-49c5-41b0-a5d2-e5bb3a317d19}</UniqueIdentifier>
    </Filter>
    <Filter Include="Source Files\structs">
      <UniqueIdentifier>{26528576-c9c4-4986-a79c-1b91666cfd0a}</UniqueIdentifier>
    </Filter>
    <Filter Include="Source Files\scrapeClass">
      <UniqueIdentifier>{d0ae723a-e50e-412a-a3f9-f392dc502e6f}</UniqueIdentifier>
    </Filter>
  </ItemGroup>
  <ItemGroup>
    <ClCompile Include="priceauto.cpp">
      <Filter>Source Files</Filter>
    </ClCompile>
    <ClCompile Include="shell.c">
      <Filter>Source Files\sqlite3</Filter>
    </ClCompile>
    <ClCompile Include="sqlite3.c">
      <Filter>Source Files\sqlite3</Filter>
    </ClCompile>
    <ClCompile Include="DBclass.cpp">
      <Filter>Source Files\DBclass</Filter>
    </ClCompile>
    <ClCompile Include="DBclassHelpers.cpp">
      <Filter>Source Files\DBclass</Filter>
    </ClCompile>
    <ClCompile Include="scrapeClass.cpp">
      <Filter>Source Files\scrapeClass</Filter>
    </ClCompile>
  </ItemGroup>
  <ItemGroup>
    <ClInclude Include="sqlite3.h">
      <Filter>Source Files\sqlite3</Filter>
    </ClInclude>
    <ClInclude Include="DBclass.h">
      <Filter>Source Files\DBclass</Filter>
    </ClInclude>
    <ClInclude Include="scrapeClass.h">
      <Filter>Source Files\scrapeClass</Filter>
    </ClInclude>
    <ClInclude Include="symbolSource.h">
      <Filter>Source Files\structs</Filter>
    </ClInclude>
  </ItemGroup>
</Project>